// !$*UTF8*$!
{
	archiveVersion = 1;
	classes = {
	};
	objectVersion = 50;
	objects = {

/* Begin PBXBuildFile section */
		210F98B321E8C39B002E72E0 /* AppDelegate.swift in Sources */ = {isa = PBXBuildFile; fileRef = 210F98B221E8C39B002E72E0 /* AppDelegate.swift */; };
		210F98B521E8C39B002E72E0 /* GameScene.sks in Resources */ = {isa = PBXBuildFile; fileRef = 210F98B421E8C39B002E72E0 /* GameScene.sks */; };
		210F98B921E8C39B002E72E0 /* GameScene.swift in Sources */ = {isa = PBXBuildFile; fileRef = 210F98B821E8C39B002E72E0 /* GameScene.swift */; };
		210F98BB21E8C39B002E72E0 /* GameViewController.swift in Sources */ = {isa = PBXBuildFile; fileRef = 210F98BA21E8C39B002E72E0 /* GameViewController.swift */; };
		210F98BE21E8C39B002E72E0 /* Main.storyboard in Resources */ = {isa = PBXBuildFile; fileRef = 210F98BC21E8C39B002E72E0 /* Main.storyboard */; };
		210F98C021E8C39F002E72E0 /* Assets.xcassets in Resources */ = {isa = PBXBuildFile; fileRef = 210F98BF21E8C39F002E72E0 /* Assets.xcassets */; };
		210F98C321E8C39F002E72E0 /* LaunchScreen.storyboard in Resources */ = {isa = PBXBuildFile; fileRef = 210F98C121E8C39F002E72E0 /* LaunchScreen.storyboard */; };
		210F98CB21E8C3F8002E72E0 /* GameManager.swift in Sources */ = {isa = PBXBuildFile; fileRef = 210F98CA21E8C3F8002E72E0 /* GameManager.swift */; };
		2135200821EB372100C6F299 /* redBomb.png in Resources */ = {isa = PBXBuildFile; fileRef = 2135200721EB372100C6F299 /* redBomb.png */; };
		2135200C21EB436800C6F299 /* Bomb.swift in Sources */ = {isa = PBXBuildFile; fileRef = 2135200B21EB436800C6F299 /* Bomb.swift */; };
		217BD6EB21E96A67001E15C2 /* Dot.swift in Sources */ = {isa = PBXBuildFile; fileRef = 217BD6EA21E96A67001E15C2 /* Dot.swift */; };
/* End PBXBuildFile section */

/* Begin PBXFileReference section */
		210F98AF21E8C39B002E72E0 /* Dot Warfare.app */ = {isa = PBXFileReference; explicitFileType = wrapper.application; includeInIndex = 0; path = "Dot Warfare.app"; sourceTree = BUILT_PRODUCTS_DIR; };
		210F98B221E8C39B002E72E0 /* AppDelegate.swift */ = {isa = PBXFileReference; lastKnownFileType = sourcecode.swift; path = AppDelegate.swift; sourceTree = "<group>"; };
		210F98B421E8C39B002E72E0 /* GameScene.sks */ = {isa = PBXFileReference; lastKnownFileType = file.sks; path = GameScene.sks; sourceTree = "<group>"; };
		210F98B821E8C39B002E72E0 /* GameScene.swift */ = {isa = PBXFileReference; lastKnownFileType = sourcecode.swift; path = GameScene.swift; sourceTree = "<group>"; };
		210F98BA21E8C39B002E72E0 /* GameViewController.swift */ = {isa = PBXFileReference; lastKnownFileType = sourcecode.swift; path = GameViewController.swift; sourceTree = "<group>"; };
		210F98BD21E8C39B002E72E0 /* Base */ = {isa = PBXFileReference; lastKnownFileType = file.storyboard; name = Base; path = Base.lproj/Main.storyboard; sourceTree = "<group>"; };
		210F98BF21E8C39F002E72E0 /* Assets.xcassets */ = {isa = PBXFileReference; lastKnownFileType = folder.assetcatalog; path = Assets.xcassets; sourceTree = "<group>"; };
		210F98C221E8C39F002E72E0 /* Base */ = {isa = PBXFileReference; lastKnownFileType = file.storyboard; name = Base; path = Base.lproj/LaunchScreen.storyboard; sourceTree = "<group>"; };
		210F98C421E8C39F002E72E0 /* Info.plist */ = {isa = PBXFileReference; lastKnownFileType = text.plist.xml; path = Info.plist; sourceTree = "<group>"; };
		210F98CA21E8C3F8002E72E0 /* GameManager.swift */ = {isa = PBXFileReference; lastKnownFileType = sourcecode.swift; path = GameManager.swift; sourceTree = "<group>"; };
		2135200721EB372100C6F299 /* redBomb.png */ = {isa = PBXFileReference; lastKnownFileType = image.png; name = redBomb.png; path = Assets.xcassets/Images/redBomb.png; sourceTree = "<group>"; };
		2135200B21EB436800C6F299 /* Bomb.swift */ = {isa = PBXFileReference; lastKnownFileType = sourcecode.swift; path = Bomb.swift; sourceTree = "<group>"; };
		217BD6EA21E96A67001E15C2 /* Dot.swift */ = {isa = PBXFileReference; lastKnownFileType = sourcecode.swift; path = Dot.swift; sourceTree = "<group>"; };
/* End PBXFileReference section */

/* Begin PBXFrameworksBuildPhase section */
		210F98AC21E8C39B002E72E0 /* Frameworks */ = {
			isa = PBXFrameworksBuildPhase;
			buildActionMask = 2147483647;
			files = (
			);
			runOnlyForDeploymentPostprocessing = 0;
		};
/* End PBXFrameworksBuildPhase section */

/* Begin PBXGroup section */
		210F98A621E8C39B002E72E0 = {
			isa = PBXGroup;
			children = (
				210F98B121E8C39B002E72E0 /* Dot Warfare */,
				210F98B021E8C39B002E72E0 /* Products */,
			);
			sourceTree = "<group>";
		};
		210F98B021E8C39B002E72E0 /* Products */ = {
			isa = PBXGroup;
			children = (
				210F98AF21E8C39B002E72E0 /* Dot Warfare.app */,
			);
			name = Products;
			sourceTree = "<group>";
		};
		210F98B121E8C39B002E72E0 /* Dot Warfare */ = {
			isa = PBXGroup;
			children = (
				2135200721EB372100C6F299 /* redBomb.png */,
				210F98B221E8C39B002E72E0 /* AppDelegate.swift */,
				210F98B421E8C39B002E72E0 /* GameScene.sks */,
				210F98B821E8C39B002E72E0 /* GameScene.swift */,
				210F98BA21E8C39B002E72E0 /* GameViewController.swift */,
				210F98BC21E8C39B002E72E0 /* Main.storyboard */,
				210F98BF21E8C39F002E72E0 /* Assets.xcassets */,
				210F98C121E8C39F002E72E0 /* LaunchScreen.storyboard */,
				210F98C421E8C39F002E72E0 /* Info.plist */,
				210F98CA21E8C3F8002E72E0 /* GameManager.swift */,
				217BD6EA21E96A67001E15C2 /* Dot.swift */,
				2135200B21EB436800C6F299 /* Bomb.swift */,
			);
			path = "Dot Warfare";
			sourceTree = "<group>";
		};
/* End PBXGroup section */

/* Begin PBXNativeTarget section */
		210F98AE21E8C39B002E72E0 /* Dot Warfare */ = {
			isa = PBXNativeTarget;
			buildConfigurationList = 210F98C721E8C39F002E72E0 /* Build configuration list for PBXNativeTarget "Dot Warfare" */;
			buildPhases = (
				210F98AB21E8C39B002E72E0 /* Sources */,
				210F98AC21E8C39B002E72E0 /* Frameworks */,
				210F98AD21E8C39B002E72E0 /* Resources */,
			);
			buildRules = (
			);
			dependencies = (
			);
			name = "Dot Warfare";
			productName = "Dot Warfare";
			productReference = 210F98AF21E8C39B002E72E0 /* Dot Warfare.app */;
			productType = "com.apple.product-type.application";
		};
/* End PBXNativeTarget section */

/* Begin PBXProject section */
		210F98A721E8C39B002E72E0 /* Project object */ = {
			isa = PBXProject;
			attributes = {
				LastSwiftUpdateCheck = 1010;
				LastUpgradeCheck = 1010;
				ORGANIZATIONNAME = "Derek Wan";
				TargetAttributes = {
					210F98AE21E8C39B002E72E0 = {
						CreatedOnToolsVersion = 10.1;
					};
				};
			};
			buildConfigurationList = 210F98AA21E8C39B002E72E0 /* Build configuration list for PBXProject "Dot Warfare" */;
			compatibilityVersion = "Xcode 9.3";
			developmentRegion = en;
			hasScannedForEncodings = 0;
			knownRegions = (
				en,
				Base,
			);
			mainGroup = 210F98A621E8C39B002E72E0;
			productRefGroup = 210F98B021E8C39B002E72E0 /* Products */;
			projectDirPath = "";
			projectRoot = "";
			targets = (
				210F98AE21E8C39B002E72E0 /* Dot Warfare */,
			);
		};
/* End PBXProject section */

/* Begin PBXResourcesBuildPhase section */
		210F98AD21E8C39B002E72E0 /* Resources */ = {
			isa = PBXResourcesBuildPhase;
			buildActionMask = 2147483647;
			files = (
				210F98BE21E8C39B002E72E0 /* Main.storyboard in Resources */,
				210F98B521E8C39B002E72E0 /* GameScene.sks in Resources */,
				210F98C021E8C39F002E72E0 /* Assets.xcassets in Resources */,
				2135200821EB372100C6F299 /* redBomb.png in Resources */,
				210F98C321E8C39F002E72E0 /* LaunchScreen.storyboard in Resources */,
			);
			runOnlyForDeploymentPostprocessing = 0;
		};
/* End PBXResourcesBuildPhase section */

/* Begin PBXSourcesBuildPhase section */
		210F98AB21E8C39B002E72E0 /* Sources */ = {
			isa = PBXSourcesBuildPhase;
			buildActionMask = 2147483647;
			files = (
				210F98B921E8C39B002E72E0 /* GameScene.swift in Sources */,
				210F98CB21E8C3F8002E72E0 /* GameManager.swift in Sources */,
				210F98BB21E8C39B002E72E0 /* GameViewController.swift in Sources */,
				217BD6EB21E96A67001E15C2 /* Dot.swift in Sources */,
				210F98B321E8C39B002E72E0 /* AppDelegate.swift in Sources */,
				2135200C21EB436800C6F299 /* Bomb.swift in Sources */,
			);
			runOnlyForDeploymentPostprocessing = 0;
		};
/* End PBXSourcesBuildPhase section */

/* Begin PBXVariantGroup section */
		210F98BC21E8C39B002E72E0 /* Main.storyboard */ = {
			isa = PBXVariantGroup;
			children = (
				210F98BD21E8C39B002E72E0 /* Base */,
			);
			name = Main.storyboard;
			sourceTree = "<group>";
		};
		210F98C121E8C39F002E72E0 /* LaunchScreen.storyboard */ = {
			isa = PBXVariantGroup;
			children = (
				210F98C221E8C39F002E72E0 /* Base */,
			);
			name = LaunchScreen.storyboard;
			sourceTree = "<group>";
		};
/* End PBXVariantGroup section */

/* Begin XCBuildConfiguration section */
		210F98C521E8C39F002E72E0 /* Debug */ = {
			isa = XCBuildConfiguration;
			buildSettings = {
				ALWAYS_SEARCH_USER_PATHS = NO;
				CLANG_ANALYZER_NONNULL = YES;
				CLANG_ANALYZER_NUMBER_OBJECT_CONVERSION = YES_AGGRESSIVE;
				CLANG_CXX_LANGUAGE_STANDARD = "gnu++14";
				CLANG_CXX_LIBRARY = "libc++";
				CLANG_ENABLE_MODULES = YES;
				CLANG_ENABLE_OBJC_ARC = YES;
				CLANG_ENABLE_OBJC_WEAK = YES;
				CLANG_WARN_BLOCK_CAPTURE_AUTORELEASING = YES;
				CLANG_WARN_BOOL_CONVERSION = YES;
				CLANG_WARN_COMMA = YES;
				CLANG_WARN_CONSTANT_CONVERSION = YES;
				CLANG_WARN_DEPRECATED_OBJC_IMPLEMENTATIONS = YES;
				CLANG_WARN_DIRECT_OBJC_ISA_USAGE = YES_ERROR;
				CLANG_WARN_DOCUMENTATION_COMMENTS = YES;
				CLANG_WARN_EMPTY_BODY = YES;
				CLANG_WARN_ENUM_CONVERSION = YES;
				CLANG_WARN_INFINITE_RECURSION = YES;
				CLANG_WARN_INT_CONVERSION = YES;
				CLANG_WARN_NON_LITERAL_NULL_CONVERSION = YES;
				CLANG_WARN_OBJC_IMPLICIT_RETAIN_SELF = YES;
				CLANG_WARN_OBJC_LITERAL_CONVERSION = YES;
				CLANG_WARN_OBJC_ROOT_CLASS = YES_ERROR;
				CLANG_WARN_RANGE_LOOP_ANALYSIS = YES;
				CLANG_WARN_STRICT_PROTOTYPES = YES;
				CLANG_WARN_SUSPICIOUS_MOVE = YES;
				CLANG_WARN_UNGUARDED_AVAILABILITY = YES_AGGRESSIVE;
				CLANG_WARN_UNREACHABLE_CODE = YES;
				CLANG_WARN__DUPLICATE_METHOD_MATCH = YES;
				CODE_SIGN_IDENTITY = "iPhone Developer";
				COPY_PHASE_STRIP = NO;
				DEBUG_INFORMATION_FORMAT = dwarf;
				ENABLE_STRICT_OBJC_MSGSEND = YES;
				ENABLE_TESTABILITY = YES;
				GCC_C_LANGUAGE_STANDARD = gnu11;
				GCC_DYNAMIC_NO_PIC = NO;
				GCC_NO_COMMON_BLOCKS = YES;
				GCC_OPTIMIZATION_LEVEL = 0;
				GCC_PREPROCESSOR_DEFINITIONS = (
					"DEBUG=1",
					"$(inherited)",
				);
				GCC_WARN_64_TO_32_BIT_CONVERSION = YES;
				GCC_WARN_ABOUT_RETURN_TYPE = YES_ERROR;
				GCC_WARN_UNDECLARED_SELECTOR = YES;
				GCC_WARN_UNINITIALIZED_AUTOS = YES_AGGRESSIVE;
				GCC_WARN_UNUSED_FUNCTION = YES;
				GCC_WARN_UNUSED_VARIABLE = YES;
				IPHONEOS_DEPLOYMENT_TARGET = 12.1;
				MTL_ENABLE_DEBUG_INFO = INCLUDE_SOURCE;
				MTL_FAST_MATH = YES;
				ONLY_ACTIVE_ARCH = YES;
				SDKROOT = iphoneos;
				SWIFT_ACTIVE_COMPILATION_CONDITIONS = DEBUG;
				SWIFT_OPTIMIZATION_LEVEL = "-Onone";
			};
			name = Debug;
		};
		210F98C621E8C39F002E72E0 /* Release */ = {
			isa = XCBuildConfiguration;
			buildSettings = {
				ALWAYS_SEARCH_USER_PATHS = NO;
				CLANG_ANALYZER_NONNULL = YES;
				CLANG_ANALYZER_NUMBER_OBJECT_CONVERSION = YES_AGGRESSIVE;
				CLANG_CXX_LANGUAGE_STANDARD = "gnu++14";
				CLANG_CXX_LIBRARY = "libc++";
				CLANG_ENABLE_MODULES = YES;
				CLANG_ENABLE_OBJC_ARC = YES;
				CLANG_ENABLE_OBJC_WEAK = YES;
				CLANG_WARN_BLOCK_CAPTURE_AUTORELEASING = YES;
				CLANG_WARN_BOOL_CONVERSION = YES;
				CLANG_WARN_COMMA = YES;
				CLANG_WARN_CONSTANT_CONVERSION = YES;
				CLANG_WARN_DEPRECATED_OBJC_IMPLEMENTATIONS = YES;
				CLANG_WARN_DIRECT_OBJC_ISA_USAGE = YES_ERROR;
				CLANG_WARN_DOCUMENTATION_COMMENTS = YES;
				CLANG_WARN_EMPTY_BODY = YES;
				CLANG_WARN_ENUM_CONVERSION = YES;
				CLANG_WARN_INFINITE_RECURSION = YES;
				CLANG_WARN_INT_CONVERSION = YES;
				CLANG_WARN_NON_LITERAL_NULL_CONVERSION = YES;
				CLANG_WARN_OBJC_IMPLICIT_RETAIN_SELF = YES;
				CLANG_WARN_OBJC_LITERAL_CONVERSION = YES;
				CLANG_WARN_OBJC_ROOT_CLASS = YES_ERROR;
				CLANG_WARN_RANGE_LOOP_ANALYSIS = YES;
				CLANG_WARN_STRICT_PROTOTYPES = YES;
				CLANG_WARN_SUSPICIOUS_MOVE = YES;
				CLANG_WARN_UNGUARDED_AVAILABILITY = YES_AGGRESSIVE;
				CLANG_WARN_UNREACHABLE_CODE = YES;
				CLANG_WARN__DUPLICATE_METHOD_MATCH = YES;
				CODE_SIGN_IDENTITY = "iPhone Developer";
				COPY_PHASE_STRIP = NO;
				DEBUG_INFORMATION_FORMAT = "dwarf-with-dsym";
				ENABLE_NS_ASSERTIONS = NO;
				ENABLE_STRICT_OBJC_MSGSEND = YES;
				GCC_C_LANGUAGE_STANDARD = gnu11;
				GCC_NO_COMMON_BLOCKS = YES;
				GCC_WARN_64_TO_32_BIT_CONVERSION = YES;
				GCC_WARN_ABOUT_RETURN_TYPE = YES_ERROR;
				GCC_WARN_UNDECLARED_SELECTOR = YES;
				GCC_WARN_UNINITIALIZED_AUTOS = YES_AGGRESSIVE;
				GCC_WARN_UNUSED_FUNCTION = YES;
				GCC_WARN_UNUSED_VARIABLE = YES;
				IPHONEOS_DEPLOYMENT_TARGET = 12.1;
				MTL_ENABLE_DEBUG_INFO = NO;
				MTL_FAST_MATH = YES;
				SDKROOT = iphoneos;
				SWIFT_COMPILATION_MODE = wholemodule;
				SWIFT_OPTIMIZATION_LEVEL = "-O";
				VALIDATE_PRODUCT = YES;
			};
			name = Release;
		};
		210F98C821E8C39F002E72E0 /* Debug */ = {
			isa = XCBuildConfiguration;
			buildSettings = {
				ASSETCATALOG_COMPILER_APPICON_NAME = AppIcon;
				CODE_SIGN_STYLE = Automatic;
				DEVELOPMENT_TEAM = 643273JXZ7;
				INFOPLIST_FILE = "Dot Warfare/Info.plist";
				LD_RUNPATH_SEARCH_PATHS = (
					"$(inherited)",
					"@executable_path/Frameworks",
				);
				PRODUCT_BUNDLE_IDENTIFIER = "com.PersonalDerek.Dot-Warfare";
				PRODUCT_NAME = "$(TARGET_NAME)";
				SWIFT_VERSION = 4.2;
				TARGETED_DEVICE_FAMILY = "1,2";
			};
			name = Debug;
		};
		210F98C921E8C39F002E72E0 /* Release */ = {
			isa = XCBuildConfiguration;
			buildSettings = {
				ASSETCATALOG_COMPILER_APPICON_NAME = AppIcon;
				CODE_SIGN_STYLE = Automatic;
				DEVELOPMENT_TEAM = 643273JXZ7;
				INFOPLIST_FILE = "Dot Warfare/Info.plist";
				LD_RUNPATH_SEARCH_PATHS = (
					"$(inherited)",
					"@executable_path/Frameworks",
				);
				PRODUCT_BUNDLE_IDENTIFIER = "com.PersonalDerek.Dot-Warfare";
				PRODUCT_NAME = "$(TARGET_NAME)";
				SWIFT_VERSION = 4.2;
				TARGETED_DEVICE_FAMILY = "1,2";
			};
			name = Release;
		};
/* End XCBuildConfiguration section */

/* Begin XCConfigurationList section */
		210F98AA21E8C39B002E72E0 /* Build configuration list for PBXProject "Dot Warfare" */ = {
			isa = XCConfigurationList;
			buildConfigurations = (
				210F98C521E8C39F002E72E0 /* Debug */,
				210F98C621E8C39F002E72E0 /* Release */,
			);
			defaultConfigurationIsVisible = 0;
			defaultConfigurationName = Release;
		};
		210F98C721E8C39F002E72E0 /* Build configuration list for PBXNativeTarget "Dot Warfare" */ = {
			isa = XCConfigurationList;
			buildConfigurations = (
				210F98C821E8C39F002E72E0 /* Debug */,
				210F98C921E8C39F002E72E0 /* Release */,
			);
			defaultConfigurationIsVisible = 0;
			defaultConfigurationName = Release;
		};
/* End XCConfigurationList section */
	};
	rootObject = 210F98A721E8C39B002E72E0 /* Project object */;
}
